// !$*UTF8*$!
{
	archiveVersion = 1;
	classes = {
	};
	objectVersion = 46;
	objects = {

/* Begin PBXBuildFile section */
		F8210BD31B4FEB4E006754E4 /* Fabric.framework in Frameworks */ = {isa = PBXBuildFile; fileRef = F8210BD11B4FEB4E006754E4 /* Fabric.framework */; };
		F8210BD41B4FEB4E006754E4 /* Crashlytics.framework in Frameworks */ = {isa = PBXBuildFile; fileRef = F8210BD21B4FEB4E006754E4 /* Crashlytics.framework */; };
		F86ED2041B9DCAF800176973 /* OTKLogger.m in Sources */ = {isa = PBXBuildFile; fileRef = F86ED2031B9DCAF800176973 /* OTKLogger.m */; };
		F87723591B4FF2760083743A /* icon_arrowLeft_enabled-28.png in Resources */ = {isa = PBXBuildFile; fileRef = F87723551B4FF2760083743A /* icon_arrowLeft_enabled-28.png */; };
		F877235A1B4FF2760083743A /* icon_arrowLeft_enabled-28@2x.png in Resources */ = {isa = PBXBuildFile; fileRef = F87723561B4FF2760083743A /* icon_arrowLeft_enabled-28@2x.png */; };
		F877235B1B4FF2760083743A /* icon_arrowRight_enabled-28.png in Resources */ = {isa = PBXBuildFile; fileRef = F87723571B4FF2760083743A /* icon_arrowRight_enabled-28.png */; };
		F877235C1B4FF2760083743A /* icon_arrowRight_enabled-28@2x.png in Resources */ = {isa = PBXBuildFile; fileRef = F87723581B4FF2760083743A /* icon_arrowRight_enabled-28@2x.png */; };
		F880C8BA1BA04CC70019F957 /* ViewManager.swift in Sources */ = {isa = PBXBuildFile; fileRef = F880C8B91BA04CC70019F957 /* ViewManager.swift */; };
		F88721571AE41A83001291F5 /* RoomViewController.swift in Sources */ = {isa = PBXBuildFile; fileRef = F88721561AE41A83001291F5 /* RoomViewController.swift */; };
		F88721591AE42306001291F5 /* RoomInfo.swift in Sources */ = {isa = PBXBuildFile; fileRef = F88721581AE42306001291F5 /* RoomInfo.swift */; };
		F887215B1AE434A9001291F5 /* OpenTok.framework in Frameworks */ = {isa = PBXBuildFile; fileRef = F887215A1AE434A9001291F5 /* OpenTok.framework */; };
		F896100D1BA189CE00E89484 /* ViewUtils.swift in Sources */ = {isa = PBXBuildFile; fileRef = F896100C1BA189CE00E89484 /* ViewUtils.swift */; };
		F8BD47AD1BA078ED00902BB2 /* SingleView.xib in Resources */ = {isa = PBXBuildFile; fileRef = F8BD47AC1BA078ED00902BB2 /* SingleView.xib */; };
		F8C97AA41B53AF22001C8097 /* mic_muted-24.png in Resources */ = {isa = PBXBuildFile; fileRef = F8C97AA21B53AF22001C8097 /* mic_muted-24.png */; };
		F8C97AA51B53AF22001C8097 /* mic_muted-24@2x.png in Resources */ = {isa = PBXBuildFile; fileRef = F8C97AA31B53AF22001C8097 /* mic_muted-24@2x.png */; };
		F8C97AAA1B53AFAE001C8097 /* camera_switch-33.png in Resources */ = {isa = PBXBuildFile; fileRef = F8C97AA61B53AFAE001C8097 /* camera_switch-33.png */; };
		F8C97AAB1B53AFAE001C8097 /* camera_switch-33@2x.png in Resources */ = {isa = PBXBuildFile; fileRef = F8C97AA71B53AFAE001C8097 /* camera_switch-33@2x.png */; };
		F8C97AAC1B53AFAE001C8097 /* mic-24.png in Resources */ = {isa = PBXBuildFile; fileRef = F8C97AA81B53AFAE001C8097 /* mic-24.png */; };
		F8C97AAD1B53AFAE001C8097 /* mic-24@2x.png in Resources */ = {isa = PBXBuildFile; fileRef = F8C97AA91B53AFAE001C8097 /* mic-24@2x.png */; };
		F8E94E47CD6442E0A22BEBEC /* libPods.a in Frameworks */ = {isa = PBXBuildFile; fileRef = 17ACCC294C676BF5DA3D6D4D /* libPods.a */; };
		F8F80E6B1B4FF539000C3FEB /* environment.plist in Resources */ = {isa = PBXBuildFile; fileRef = F8F80E6A1B4FF539000C3FEB /* environment.plist */; };
		F8FBD0411ADEB671000090DA /* AppDelegate.swift in Sources */ = {isa = PBXBuildFile; fileRef = F8FBD0401ADEB671000090DA /* AppDelegate.swift */; };
		F8FBD0431ADEB671000090DA /* SelectRoomViewController.swift in Sources */ = {isa = PBXBuildFile; fileRef = F8FBD0421ADEB671000090DA /* SelectRoomViewController.swift */; };
		F8FBD0461ADEB671000090DA /* Main.storyboard in Resources */ = {isa = PBXBuildFile; fileRef = F8FBD0441ADEB671000090DA /* Main.storyboard */; };
		F8FBD0481ADEB671000090DA /* Images.xcassets in Resources */ = {isa = PBXBuildFile; fileRef = F8FBD0471ADEB671000090DA /* Images.xcassets */; };
		F8FBD04B1ADEB671000090DA /* LaunchScreen.xib in Resources */ = {isa = PBXBuildFile; fileRef = F8FBD0491ADEB671000090DA /* LaunchScreen.xib */; };
		F8FBD0611ADEB689000090DA /* VideoToolbox.framework in Frameworks */ = {isa = PBXBuildFile; fileRef = F8FBD0601ADEB689000090DA /* VideoToolbox.framework */; };
		F8FBD07B1ADEB6A3000090DA /* libc++.dylib in Frameworks */ = {isa = PBXBuildFile; fileRef = F8FBD0631ADEB6A2000090DA /* libc++.dylib */; };
		F8FBD07C1ADEB6A3000090DA /* GLKit.framework in Frameworks */ = {isa = PBXBuildFile; fileRef = F8FBD0641ADEB6A2000090DA /* GLKit.framework */; };
		F8FBD07D1ADEB6A3000090DA /* libxml2.dylib in Frameworks */ = {isa = PBXBuildFile; fileRef = F8FBD0651ADEB6A2000090DA /* libxml2.dylib */; };
		F8FBD07E1ADEB6A3000090DA /* libsqlite3.dylib in Frameworks */ = {isa = PBXBuildFile; fileRef = F8FBD0661ADEB6A2000090DA /* libsqlite3.dylib */; };
		F8FBD07F1ADEB6A3000090DA /* CoreTelephony.framework in Frameworks */ = {isa = PBXBuildFile; fileRef = F8FBD0671ADEB6A2000090DA /* CoreTelephony.framework */; };
		F8FBD0801ADEB6A3000090DA /* MobileCoreServices.framework in Frameworks */ = {isa = PBXBuildFile; fileRef = F8FBD0681ADEB6A2000090DA /* MobileCoreServices.framework */; };
		F8FBD0811ADEB6A3000090DA /* CFNetwork.framework in Frameworks */ = {isa = PBXBuildFile; fileRef = F8FBD0691ADEB6A2000090DA /* CFNetwork.framework */; };
		F8FBD0821ADEB6A3000090DA /* SystemConfiguration.framework in Frameworks */ = {isa = PBXBuildFile; fileRef = F8FBD06A1ADEB6A2000090DA /* SystemConfiguration.framework */; };
		F8FBD0831ADEB6A3000090DA /* CoreMedia.framework in Frameworks */ = {isa = PBXBuildFile; fileRef = F8FBD06B1ADEB6A2000090DA /* CoreMedia.framework */; };
		F8FBD0841ADEB6A3000090DA /* Security.framework in Frameworks */ = {isa = PBXBuildFile; fileRef = F8FBD06C1ADEB6A2000090DA /* Security.framework */; };
		F8FBD0851ADEB6A3000090DA /* AudioToolbox.framework in Frameworks */ = {isa = PBXBuildFile; fileRef = F8FBD06D1ADEB6A2000090DA /* AudioToolbox.framework */; };
		F8FBD0861ADEB6A3000090DA /* CoreAudio.framework in Frameworks */ = {isa = PBXBuildFile; fileRef = F8FBD06E1ADEB6A2000090DA /* CoreAudio.framework */; };
		F8FBD0871ADEB6A3000090DA /* CoreVideo.framework in Frameworks */ = {isa = PBXBuildFile; fileRef = F8FBD06F1ADEB6A3000090DA /* CoreVideo.framework */; };
		F8FBD0881ADEB6A3000090DA /* OpenGLES.framework in Frameworks */ = {isa = PBXBuildFile; fileRef = F8FBD0701ADEB6A3000090DA /* OpenGLES.framework */; };
		F8FBD0891ADEB6A3000090DA /* libz.dylib in Frameworks */ = {isa = PBXBuildFile; fileRef = F8FBD0711ADEB6A3000090DA /* libz.dylib */; };
		F8FBD08A1ADEB6A3000090DA /* libicucore.dylib in Frameworks */ = {isa = PBXBuildFile; fileRef = F8FBD0721ADEB6A3000090DA /* libicucore.dylib */; };
		F8FBD08B1ADEB6A3000090DA /* libstdc++.dylib in Frameworks */ = {isa = PBXBuildFile; fileRef = F8FBD0731ADEB6A3000090DA /* libstdc++.dylib */; };
		F8FBD08D1ADEB6A3000090DA /* QuartzCore.framework in Frameworks */ = {isa = PBXBuildFile; fileRef = F8FBD0751ADEB6A3000090DA /* QuartzCore.framework */; };
		F8FBD08E1ADEB6A3000090DA /* AVFoundation.framework in Frameworks */ = {isa = PBXBuildFile; fileRef = F8FBD0761ADEB6A3000090DA /* AVFoundation.framework */; };
		F8FBD08F1ADEB6A3000090DA /* UIKit.framework in Frameworks */ = {isa = PBXBuildFile; fileRef = F8FBD0771ADEB6A3000090DA /* UIKit.framework */; };
		F8FBD0901ADEB6A3000090DA /* Foundation.framework in Frameworks */ = {isa = PBXBuildFile; fileRef = F8FBD0781ADEB6A3000090DA /* Foundation.framework */; };
		F8FBD0911ADEB6A3000090DA /* CoreGraphics.framework in Frameworks */ = {isa = PBXBuildFile; fileRef = F8FBD0791ADEB6A3000090DA /* CoreGraphics.framework */; };
/* End PBXBuildFile section */

/* Begin PBXFileReference section */
		0258BE712DC162746D1B6E83 /* Pods.release.xcconfig */ = {isa = PBXFileReference; includeInIndex = 1; lastKnownFileType = text.xcconfig; name = Pods.release.xcconfig; path = "Pods/Target Support Files/Pods/Pods.release.xcconfig"; sourceTree = "<group>"; };
		17ACCC294C676BF5DA3D6D4D /* libPods.a */ = {isa = PBXFileReference; explicitFileType = archive.ar; includeInIndex = 0; path = libPods.a; sourceTree = BUILT_PRODUCTS_DIR; };
		18B33971C76A3ADAF3834504 /* Pods.debug.xcconfig */ = {isa = PBXFileReference; includeInIndex = 1; lastKnownFileType = text.xcconfig; name = Pods.debug.xcconfig; path = "Pods/Target Support Files/Pods/Pods.debug.xcconfig"; sourceTree = "<group>"; };
		F8210BD11B4FEB4E006754E4 /* Fabric.framework */ = {isa = PBXFileReference; lastKnownFileType = wrapper.framework; path = Fabric.framework; sourceTree = "<group>"; };
		F8210BD21B4FEB4E006754E4 /* Crashlytics.framework */ = {isa = PBXFileReference; lastKnownFileType = wrapper.framework; path = Crashlytics.framework; sourceTree = "<group>"; };
		F86ED2021B9DCAF800176973 /* OTKLogger.h */ = {isa = PBXFileReference; fileEncoding = 4; lastKnownFileType = sourcecode.c.h; path = OTKLogger.h; sourceTree = "<group>"; };
		F86ED2031B9DCAF800176973 /* OTKLogger.m */ = {isa = PBXFileReference; fileEncoding = 4; lastKnownFileType = sourcecode.c.objc; path = OTKLogger.m; sourceTree = "<group>"; };
		F87723551B4FF2760083743A /* icon_arrowLeft_enabled-28.png */ = {isa = PBXFileReference; lastKnownFileType = image.png; name = "icon_arrowLeft_enabled-28.png"; path = "meet-swift/Images/icon_arrowLeft_enabled-28.png"; sourceTree = "<group>"; };
		F87723561B4FF2760083743A /* icon_arrowLeft_enabled-28@2x.png */ = {isa = PBXFileReference; lastKnownFileType = image.png; name = "icon_arrowLeft_enabled-28@2x.png"; path = "meet-swift/Images/icon_arrowLeft_enabled-28@2x.png"; sourceTree = "<group>"; };
		F87723571B4FF2760083743A /* icon_arrowRight_enabled-28.png */ = {isa = PBXFileReference; lastKnownFileType = image.png; name = "icon_arrowRight_enabled-28.png"; path = "meet-swift/Images/icon_arrowRight_enabled-28.png"; sourceTree = "<group>"; };
		F87723581B4FF2760083743A /* icon_arrowRight_enabled-28@2x.png */ = {isa = PBXFileReference; lastKnownFileType = image.png; name = "icon_arrowRight_enabled-28@2x.png"; path = "meet-swift/Images/icon_arrowRight_enabled-28@2x.png"; sourceTree = "<group>"; };
		F880C8B91BA04CC70019F957 /* ViewManager.swift */ = {isa = PBXFileReference; fileEncoding = 4; lastKnownFileType = sourcecode.swift; path = ViewManager.swift; sourceTree = "<group>"; };
		F88721561AE41A83001291F5 /* RoomViewController.swift */ = {isa = PBXFileReference; fileEncoding = 4; lastKnownFileType = sourcecode.swift; path = RoomViewController.swift; sourceTree = "<group>"; };
		F88721581AE42306001291F5 /* RoomInfo.swift */ = {isa = PBXFileReference; fileEncoding = 4; lastKnownFileType = sourcecode.swift; path = RoomInfo.swift; sourceTree = "<group>"; };
		F887215A1AE434A9001291F5 /* OpenTok.framework */ = {isa = PBXFileReference; lastKnownFileType = wrapper.framework; path = OpenTok.framework; sourceTree = "<group>"; };
		F896100C1BA189CE00E89484 /* ViewUtils.swift */ = {isa = PBXFileReference; fileEncoding = 4; lastKnownFileType = sourcecode.swift; path = ViewUtils.swift; sourceTree = "<group>"; };
		F8BD47AC1BA078ED00902BB2 /* SingleView.xib */ = {isa = PBXFileReference; fileEncoding = 4; lastKnownFileType = file.xib; path = SingleView.xib; sourceTree = "<group>"; };
		F8C97AA21B53AF22001C8097 /* mic_muted-24.png */ = {isa = PBXFileReference; lastKnownFileType = image.png; name = "mic_muted-24.png"; path = "meet-swift/Images/mic_muted-24.png"; sourceTree = "<group>"; };
		F8C97AA31B53AF22001C8097 /* mic_muted-24@2x.png */ = {isa = PBXFileReference; lastKnownFileType = image.png; name = "mic_muted-24@2x.png"; path = "meet-swift/Images/mic_muted-24@2x.png"; sourceTree = "<group>"; };
		F8C97AA61B53AFAE001C8097 /* camera_switch-33.png */ = {isa = PBXFileReference; lastKnownFileType = image.png; name = "camera_switch-33.png"; path = "meet-swift/Images/camera_switch-33.png"; sourceTree = "<group>"; };
		F8C97AA71B53AFAE001C8097 /* camera_switch-33@2x.png */ = {isa = PBXFileReference; lastKnownFileType = image.png; name = "camera_switch-33@2x.png"; path = "meet-swift/Images/camera_switch-33@2x.png"; sourceTree = "<group>"; };
		F8C97AA81B53AFAE001C8097 /* mic-24.png */ = {isa = PBXFileReference; lastKnownFileType = image.png; name = "mic-24.png"; path = "meet-swift/Images/mic-24.png"; sourceTree = "<group>"; };
		F8C97AA91B53AFAE001C8097 /* mic-24@2x.png */ = {isa = PBXFileReference; lastKnownFileType = image.png; name = "mic-24@2x.png"; path = "meet-swift/Images/mic-24@2x.png"; sourceTree = "<group>"; };
		F8F80E6A1B4FF539000C3FEB /* environment.plist */ = {isa = PBXFileReference; fileEncoding = 4; lastKnownFileType = text.plist.xml; path = environment.plist; sourceTree = "<group>"; };
		F8FBD03B1ADEB671000090DA /* meet-swift.app */ = {isa = PBXFileReference; explicitFileType = wrapper.application; includeInIndex = 0; path = "meet-swift.app"; sourceTree = BUILT_PRODUCTS_DIR; };
		F8FBD03F1ADEB671000090DA /* Info.plist */ = {isa = PBXFileReference; lastKnownFileType = text.plist.xml; path = Info.plist; sourceTree = "<group>"; };
		F8FBD0401ADEB671000090DA /* AppDelegate.swift */ = {isa = PBXFileReference; lastKnownFileType = sourcecode.swift; path = AppDelegate.swift; sourceTree = "<group>"; };
		F8FBD0421ADEB671000090DA /* SelectRoomViewController.swift */ = {isa = PBXFileReference; lastKnownFileType = sourcecode.swift; path = SelectRoomViewController.swift; sourceTree = "<group>"; };
		F8FBD0451ADEB671000090DA /* Base */ = {isa = PBXFileReference; lastKnownFileType = file.storyboard; name = Base; path = Base.lproj/Main.storyboard; sourceTree = "<group>"; };
		F8FBD0471ADEB671000090DA /* Images.xcassets */ = {isa = PBXFileReference; lastKnownFileType = folder.assetcatalog; path = Images.xcassets; sourceTree = "<group>"; };
		F8FBD04A1ADEB671000090DA /* Base */ = {isa = PBXFileReference; lastKnownFileType = file.xib; name = Base; path = Base.lproj/LaunchScreen.xib; sourceTree = "<group>"; };
		F8FBD0601ADEB689000090DA /* VideoToolbox.framework */ = {isa = PBXFileReference; lastKnownFileType = wrapper.framework; name = VideoToolbox.framework; path = System/Library/Frameworks/VideoToolbox.framework; sourceTree = SDKROOT; };
		F8FBD0631ADEB6A2000090DA /* libc++.dylib */ = {isa = PBXFileReference; lastKnownFileType = "compiled.mach-o.dylib"; name = "libc++.dylib"; path = "usr/lib/libc++.dylib"; sourceTree = SDKROOT; };
		F8FBD0641ADEB6A2000090DA /* GLKit.framework */ = {isa = PBXFileReference; lastKnownFileType = wrapper.framework; name = GLKit.framework; path = System/Library/Frameworks/GLKit.framework; sourceTree = SDKROOT; };
		F8FBD0651ADEB6A2000090DA /* libxml2.dylib */ = {isa = PBXFileReference; lastKnownFileType = "compiled.mach-o.dylib"; name = libxml2.dylib; path = usr/lib/libxml2.dylib; sourceTree = SDKROOT; };
		F8FBD0661ADEB6A2000090DA /* libsqlite3.dylib */ = {isa = PBXFileReference; lastKnownFileType = "compiled.mach-o.dylib"; name = libsqlite3.dylib; path = usr/lib/libsqlite3.dylib; sourceTree = SDKROOT; };
		F8FBD0671ADEB6A2000090DA /* CoreTelephony.framework */ = {isa = PBXFileReference; lastKnownFileType = wrapper.framework; name = CoreTelephony.framework; path = System/Library/Frameworks/CoreTelephony.framework; sourceTree = SDKROOT; };
		F8FBD0681ADEB6A2000090DA /* MobileCoreServices.framework */ = {isa = PBXFileReference; lastKnownFileType = wrapper.framework; name = MobileCoreServices.framework; path = System/Library/Frameworks/MobileCoreServices.framework; sourceTree = SDKROOT; };
		F8FBD0691ADEB6A2000090DA /* CFNetwork.framework */ = {isa = PBXFileReference; lastKnownFileType = wrapper.framework; name = CFNetwork.framework; path = System/Library/Frameworks/CFNetwork.framework; sourceTree = SDKROOT; };
		F8FBD06A1ADEB6A2000090DA /* SystemConfiguration.framework */ = {isa = PBXFileReference; lastKnownFileType = wrapper.framework; name = SystemConfiguration.framework; path = System/Library/Frameworks/SystemConfiguration.framework; sourceTree = SDKROOT; };
		F8FBD06B1ADEB6A2000090DA /* CoreMedia.framework */ = {isa = PBXFileReference; lastKnownFileType = wrapper.framework; name = CoreMedia.framework; path = System/Library/Frameworks/CoreMedia.framework; sourceTree = SDKROOT; };
		F8FBD06C1ADEB6A2000090DA /* Security.framework */ = {isa = PBXFileReference; lastKnownFileType = wrapper.framework; name = Security.framework; path = System/Library/Frameworks/Security.framework; sourceTree = SDKROOT; };
		F8FBD06D1ADEB6A2000090DA /* AudioToolbox.framework */ = {isa = PBXFileReference; lastKnownFileType = wrapper.framework; name = AudioToolbox.framework; path = System/Library/Frameworks/AudioToolbox.framework; sourceTree = SDKROOT; };
		F8FBD06E1ADEB6A2000090DA /* CoreAudio.framework */ = {isa = PBXFileReference; lastKnownFileType = wrapper.framework; name = CoreAudio.framework; path = System/Library/Frameworks/CoreAudio.framework; sourceTree = SDKROOT; };
		F8FBD06F1ADEB6A3000090DA /* CoreVideo.framework */ = {isa = PBXFileReference; lastKnownFileType = wrapper.framework; name = CoreVideo.framework; path = System/Library/Frameworks/CoreVideo.framework; sourceTree = SDKROOT; };
		F8FBD0701ADEB6A3000090DA /* OpenGLES.framework */ = {isa = PBXFileReference; lastKnownFileType = wrapper.framework; name = OpenGLES.framework; path = System/Library/Frameworks/OpenGLES.framework; sourceTree = SDKROOT; };
		F8FBD0711ADEB6A3000090DA /* libz.dylib */ = {isa = PBXFileReference; lastKnownFileType = "compiled.mach-o.dylib"; name = libz.dylib; path = usr/lib/libz.dylib; sourceTree = SDKROOT; };
		F8FBD0721ADEB6A3000090DA /* libicucore.dylib */ = {isa = PBXFileReference; lastKnownFileType = "compiled.mach-o.dylib"; name = libicucore.dylib; path = usr/lib/libicucore.dylib; sourceTree = SDKROOT; };
		F8FBD0731ADEB6A3000090DA /* libstdc++.dylib */ = {isa = PBXFileReference; lastKnownFileType = "compiled.mach-o.dylib"; name = "libstdc++.dylib"; path = "usr/lib/libstdc++.dylib"; sourceTree = SDKROOT; };
		F8FBD0751ADEB6A3000090DA /* QuartzCore.framework */ = {isa = PBXFileReference; lastKnownFileType = wrapper.framework; name = QuartzCore.framework; path = System/Library/Frameworks/QuartzCore.framework; sourceTree = SDKROOT; };
		F8FBD0761ADEB6A3000090DA /* AVFoundation.framework */ = {isa = PBXFileReference; lastKnownFileType = wrapper.framework; name = AVFoundation.framework; path = System/Library/Frameworks/AVFoundation.framework; sourceTree = SDKROOT; };
		F8FBD0771ADEB6A3000090DA /* UIKit.framework */ = {isa = PBXFileReference; lastKnownFileType = wrapper.framework; name = UIKit.framework; path = System/Library/Frameworks/UIKit.framework; sourceTree = SDKROOT; };
		F8FBD0781ADEB6A3000090DA /* Foundation.framework */ = {isa = PBXFileReference; lastKnownFileType = wrapper.framework; name = Foundation.framework; path = System/Library/Frameworks/Foundation.framework; sourceTree = SDKROOT; };
		F8FBD0791ADEB6A3000090DA /* CoreGraphics.framework */ = {isa = PBXFileReference; lastKnownFileType = wrapper.framework; name = CoreGraphics.framework; path = System/Library/Frameworks/CoreGraphics.framework; sourceTree = SDKROOT; };
		F8FBD0931ADEB72B000090DA /* meet-swift-Bridging-Header.h */ = {isa = PBXFileReference; lastKnownFileType = sourcecode.c.h; path = "meet-swift-Bridging-Header.h"; sourceTree = "<group>"; };
/* End PBXFileReference section */

/* Begin PBXFrameworksBuildPhase section */
		F8FBD0381ADEB671000090DA /* Frameworks */ = {
			isa = PBXFrameworksBuildPhase;
			buildActionMask = 2147483647;
			files = (
				F887215B1AE434A9001291F5 /* OpenTok.framework in Frameworks */,
				F8FBD08D1ADEB6A3000090DA /* QuartzCore.framework in Frameworks */,
				F8FBD08F1ADEB6A3000090DA /* UIKit.framework in Frameworks */,
				F8FBD07B1ADEB6A3000090DA /* libc++.dylib in Frameworks */,
				F8FBD0821ADEB6A3000090DA /* SystemConfiguration.framework in Frameworks */,
				F8FBD0861ADEB6A3000090DA /* CoreAudio.framework in Frameworks */,
				F8FBD0901ADEB6A3000090DA /* Foundation.framework in Frameworks */,
				F8FBD08E1ADEB6A3000090DA /* AVFoundation.framework in Frameworks */,
				F8FBD0801ADEB6A3000090DA /* MobileCoreServices.framework in Frameworks */,
				F8FBD0841ADEB6A3000090DA /* Security.framework in Frameworks */,
				F8FBD0881ADEB6A3000090DA /* OpenGLES.framework in Frameworks */,
				F8FBD0811ADEB6A3000090DA /* CFNetwork.framework in Frameworks */,
				F8FBD0911ADEB6A3000090DA /* CoreGraphics.framework in Frameworks */,
				F8FBD0831ADEB6A3000090DA /* CoreMedia.framework in Frameworks */,
				F8FBD08B1ADEB6A3000090DA /* libstdc++.dylib in Frameworks */,
				F8FBD0871ADEB6A3000090DA /* CoreVideo.framework in Frameworks */,
				F8FBD08A1ADEB6A3000090DA /* libicucore.dylib in Frameworks */,
				F8FBD07D1ADEB6A3000090DA /* libxml2.dylib in Frameworks */,
				F8FBD07C1ADEB6A3000090DA /* GLKit.framework in Frameworks */,
				F8210BD41B4FEB4E006754E4 /* Crashlytics.framework in Frameworks */,
				F8FBD07E1ADEB6A3000090DA /* libsqlite3.dylib in Frameworks */,
				F8FBD07F1ADEB6A3000090DA /* CoreTelephony.framework in Frameworks */,
				F8210BD31B4FEB4E006754E4 /* Fabric.framework in Frameworks */,
				F8FBD0891ADEB6A3000090DA /* libz.dylib in Frameworks */,
				F8FBD0611ADEB689000090DA /* VideoToolbox.framework in Frameworks */,
				F8FBD0851ADEB6A3000090DA /* AudioToolbox.framework in Frameworks */,
				F8E94E47CD6442E0A22BEBEC /* libPods.a in Frameworks */,
			);
			runOnlyForDeploymentPostprocessing = 0;
		};
/* End PBXFrameworksBuildPhase section */

/* Begin PBXGroup section */
		BF5E8674AA93A7CC60CB5D10 /* Pods */ = {
			isa = PBXGroup;
			children = (
				18B33971C76A3ADAF3834504 /* Pods.debug.xcconfig */,
				0258BE712DC162746D1B6E83 /* Pods.release.xcconfig */,
			);
			name = Pods;
			sourceTree = "<group>";
		};
		F87723541B4FF2570083743A /* Images */ = {
			isa = PBXGroup;
			children = (
				F8C97AA61B53AFAE001C8097 /* camera_switch-33.png */,
				F8C97AA71B53AFAE001C8097 /* camera_switch-33@2x.png */,
				F8C97AA81B53AFAE001C8097 /* mic-24.png */,
				F8C97AA91B53AFAE001C8097 /* mic-24@2x.png */,
				F8C97AA21B53AF22001C8097 /* mic_muted-24.png */,
				F8C97AA31B53AF22001C8097 /* mic_muted-24@2x.png */,
				F87723551B4FF2760083743A /* icon_arrowLeft_enabled-28.png */,
				F87723561B4FF2760083743A /* icon_arrowLeft_enabled-28@2x.png */,
				F87723571B4FF2760083743A /* icon_arrowRight_enabled-28.png */,
				F87723581B4FF2760083743A /* icon_arrowRight_enabled-28@2x.png */,
			);
			name = Images;
			sourceTree = "<group>";
		};
		F8FBD0321ADEB671000090DA = {
			isa = PBXGroup;
			children = (
				F87723541B4FF2570083743A /* Images */,
				F8FBD03D1ADEB671000090DA /* meet-swift */,
				F8FBD03C1ADEB671000090DA /* Products */,
				F8FBD0621ADEB690000090DA /* Frameworks */,
				BF5E8674AA93A7CC60CB5D10 /* Pods */,
			);
			sourceTree = "<group>";
		};
		F8FBD03C1ADEB671000090DA /* Products */ = {
			isa = PBXGroup;
			children = (
				F8FBD03B1ADEB671000090DA /* meet-swift.app */,
			);
			name = Products;
			sourceTree = "<group>";
		};
		F8FBD03D1ADEB671000090DA /* meet-swift */ = {
			isa = PBXGroup;
			children = (
				F8FBD0401ADEB671000090DA /* AppDelegate.swift */,
				F8FBD0421ADEB671000090DA /* SelectRoomViewController.swift */,
				F8FBD0441ADEB671000090DA /* Main.storyboard */,
				F8FBD0471ADEB671000090DA /* Images.xcassets */,
				F8FBD0491ADEB671000090DA /* LaunchScreen.xib */,
				F8FBD03E1ADEB671000090DA /* Supporting Files */,
				F88721561AE41A83001291F5 /* RoomViewController.swift */,
				F88721581AE42306001291F5 /* RoomInfo.swift */,
				F86ED2021B9DCAF800176973 /* OTKLogger.h */,
				F86ED2031B9DCAF800176973 /* OTKLogger.m */,
				F880C8B91BA04CC70019F957 /* ViewManager.swift */,
				F8BD47AC1BA078ED00902BB2 /* SingleView.xib */,
				F896100C1BA189CE00E89484 /* ViewUtils.swift */,
			);
			path = "meet-swift";
			sourceTree = "<group>";
		};
		F8FBD03E1ADEB671000090DA /* Supporting Files */ = {
			isa = PBXGroup;
			children = (
				F8F80E6A1B4FF539000C3FEB /* environment.plist */,
				F8FBD03F1ADEB671000090DA /* Info.plist */,
				F8FBD0931ADEB72B000090DA /* meet-swift-Bridging-Header.h */,
			);
			name = "Supporting Files";
			sourceTree = "<group>";
		};
		F8FBD0621ADEB690000090DA /* Frameworks */ = {
			isa = PBXGroup;
			children = (
				F8210BD11B4FEB4E006754E4 /* Fabric.framework */,
				F8210BD21B4FEB4E006754E4 /* Crashlytics.framework */,
				F887215A1AE434A9001291F5 /* OpenTok.framework */,
				F8FBD0631ADEB6A2000090DA /* libc++.dylib */,
				F8FBD0641ADEB6A2000090DA /* GLKit.framework */,
				F8FBD0651ADEB6A2000090DA /* libxml2.dylib */,
				F8FBD0661ADEB6A2000090DA /* libsqlite3.dylib */,
				F8FBD0671ADEB6A2000090DA /* CoreTelephony.framework */,
				F8FBD0681ADEB6A2000090DA /* MobileCoreServices.framework */,
				F8FBD0691ADEB6A2000090DA /* CFNetwork.framework */,
				F8FBD06A1ADEB6A2000090DA /* SystemConfiguration.framework */,
				F8FBD06B1ADEB6A2000090DA /* CoreMedia.framework */,
				F8FBD06C1ADEB6A2000090DA /* Security.framework */,
				F8FBD06D1ADEB6A2000090DA /* AudioToolbox.framework */,
				F8FBD06E1ADEB6A2000090DA /* CoreAudio.framework */,
				F8FBD06F1ADEB6A3000090DA /* CoreVideo.framework */,
				F8FBD0701ADEB6A3000090DA /* OpenGLES.framework */,
				F8FBD0711ADEB6A3000090DA /* libz.dylib */,
				F8FBD0721ADEB6A3000090DA /* libicucore.dylib */,
				F8FBD0731ADEB6A3000090DA /* libstdc++.dylib */,
				F8FBD0751ADEB6A3000090DA /* QuartzCore.framework */,
				F8FBD0761ADEB6A3000090DA /* AVFoundation.framework */,
				F8FBD0771ADEB6A3000090DA /* UIKit.framework */,
				F8FBD0781ADEB6A3000090DA /* Foundation.framework */,
				F8FBD0791ADEB6A3000090DA /* CoreGraphics.framework */,
				F8FBD0601ADEB689000090DA /* VideoToolbox.framework */,
				17ACCC294C676BF5DA3D6D4D /* libPods.a */,
			);
			name = Frameworks;
			sourceTree = "<group>";
		};
/* End PBXGroup section */

/* Begin PBXNativeTarget section */
		F8FBD03A1ADEB671000090DA /* meet-swift */ = {
			isa = PBXNativeTarget;
			buildConfigurationList = F8FBD05A1ADEB671000090DA /* Build configuration list for PBXNativeTarget "meet-swift" */;
			buildPhases = (
				5EFB676387E6A8DE75678122 /* Check Pods Manifest.lock */,
				F8FBD0371ADEB671000090DA /* Sources */,
				F8FBD0381ADEB671000090DA /* Frameworks */,
				F8FBD0391ADEB671000090DA /* Resources */,
				8211D97E94E640C47E38AA9C /* Copy Pods Resources */,
				F8210BD01B4FEB22006754E4 /* ShellScript */,
			);
			buildRules = (
			);
			dependencies = (
			);
			name = "meet-swift";
			productName = "meet-swift";
			productReference = F8FBD03B1ADEB671000090DA /* meet-swift.app */;
			productType = "com.apple.product-type.application";
		};
/* End PBXNativeTarget section */

/* Begin PBXProject section */
		F8FBD0331ADEB671000090DA /* Project object */ = {
			isa = PBXProject;
			attributes = {
				LastSwiftUpdateCheck = 0700;
				LastUpgradeCheck = 0630;
				ORGANIZATIONNAME = tokbox;
				TargetAttributes = {
					F8FBD03A1ADEB671000090DA = {
						CreatedOnToolsVersion = 6.3;
						DevelopmentTeam = 3YZZL55SSX;
					};
				};
			};
			buildConfigurationList = F8FBD0361ADEB671000090DA /* Build configuration list for PBXProject "meet-swift" */;
			compatibilityVersion = "Xcode 3.2";
			developmentRegion = English;
			hasScannedForEncodings = 0;
			knownRegions = (
				en,
				Base,
			);
			mainGroup = F8FBD0321ADEB671000090DA;
			productRefGroup = F8FBD03C1ADEB671000090DA /* Products */;
			projectDirPath = "";
			projectRoot = "";
			targets = (
				F8FBD03A1ADEB671000090DA /* meet-swift */,
			);
		};
/* End PBXProject section */

/* Begin PBXResourcesBuildPhase section */
		F8FBD0391ADEB671000090DA /* Resources */ = {
			isa = PBXResourcesBuildPhase;
			buildActionMask = 2147483647;
			files = (
				F8F80E6B1B4FF539000C3FEB /* environment.plist in Resources */,
				F8C97AAA1B53AFAE001C8097 /* camera_switch-33.png in Resources */,
				F8C97AAC1B53AFAE001C8097 /* mic-24.png in Resources */,
				F8FBD0461ADEB671000090DA /* Main.storyboard in Resources */,
				F877235C1B4FF2760083743A /* icon_arrowRight_enabled-28@2x.png in Resources */,
				F8C97AA41B53AF22001C8097 /* mic_muted-24.png in Resources */,
				F8C97AAB1B53AFAE001C8097 /* camera_switch-33@2x.png in Resources */,
				F877235B1B4FF2760083743A /* icon_arrowRight_enabled-28.png in Resources */,
				F877235A1B4FF2760083743A /* icon_arrowLeft_enabled-28@2x.png in Resources */,
				F8C97AA51B53AF22001C8097 /* mic_muted-24@2x.png in Resources */,
				F8FBD04B1ADEB671000090DA /* LaunchScreen.xib in Resources */,
				F8BD47AD1BA078ED00902BB2 /* SingleView.xib in Resources */,
				F8FBD0481ADEB671000090DA /* Images.xcassets in Resources */,
				F8C97AAD1B53AFAE001C8097 /* mic-24@2x.png in Resources */,
				F87723591B4FF2760083743A /* icon_arrowLeft_enabled-28.png in Resources */,
			);
			runOnlyForDeploymentPostprocessing = 0;
		};
/* End PBXResourcesBuildPhase section */

/* Begin PBXShellScriptBuildPhase section */
		5EFB676387E6A8DE75678122 /* Check Pods Manifest.lock */ = {
			isa = PBXShellScriptBuildPhase;
			buildActionMask = 2147483647;
			files = (
			);
			inputPaths = (
			);
			name = "Check Pods Manifest.lock";
			outputPaths = (
			);
			runOnlyForDeploymentPostprocessing = 0;
			shellPath = /bin/sh;
			shellScript = "diff \"${PODS_ROOT}/../Podfile.lock\" \"${PODS_ROOT}/Manifest.lock\" > /dev/null\nif [[ $? != 0 ]] ; then\n    cat << EOM\nerror: The sandbox is not in sync with the Podfile.lock. Run 'pod install' or update your CocoaPods installation.\nEOM\n    exit 1\nfi\n";
			showEnvVarsInLog = 0;
		};
		8211D97E94E640C47E38AA9C /* Copy Pods Resources */ = {
			isa = PBXShellScriptBuildPhase;
			buildActionMask = 2147483647;
			files = (
			);
			inputPaths = (
			);
			name = "Copy Pods Resources";
			outputPaths = (
			);
			runOnlyForDeploymentPostprocessing = 0;
			shellPath = /bin/sh;
			shellScript = "\"${SRCROOT}/Pods/Target Support Files/Pods/Pods-resources.sh\"\n";
			showEnvVarsInLog = 0;
		};
		F8210BD01B4FEB22006754E4 /* ShellScript */ = {
			isa = PBXShellScriptBuildPhase;
			buildActionMask = 2147483647;
			files = (
			);
			inputPaths = (
			);
			outputPaths = (
			);
			runOnlyForDeploymentPostprocessing = 0;
			shellPath = /bin/sh;
			shellScript = "#./Fabric.framework/run cde951859fbe1f0ee64bba4c146c6e231717f4ea 9d1f199f01132a5c5385c7af1310dfdee3e4eb3c79f8052231e830caa7b9781c";
		};
/* End PBXShellScriptBuildPhase section */

/* Begin PBXSourcesBuildPhase section */
		F8FBD0371ADEB671000090DA /* Sources */ = {
			isa = PBXSourcesBuildPhase;
			buildActionMask = 2147483647;
			files = (
				F896100D1BA189CE00E89484 /* ViewUtils.swift in Sources */,
				F88721591AE42306001291F5 /* RoomInfo.swift in Sources */,
				F88721571AE41A83001291F5 /* RoomViewController.swift in Sources */,
				F880C8BA1BA04CC70019F957 /* ViewManager.swift in Sources */,
				F8FBD0431ADEB671000090DA /* SelectRoomViewController.swift in Sources */,
				F86ED2041B9DCAF800176973 /* OTKLogger.m in Sources */,
				F8FBD0411ADEB671000090DA /* AppDelegate.swift in Sources */,
			);
			runOnlyForDeploymentPostprocessing = 0;
		};
/* End PBXSourcesBuildPhase section */

/* Begin PBXVariantGroup section */
		F8FBD0441ADEB671000090DA /* Main.storyboard */ = {
			isa = PBXVariantGroup;
			children = (
				F8FBD0451ADEB671000090DA /* Base */,
			);
			name = Main.storyboard;
			sourceTree = "<group>";
		};
		F8FBD0491ADEB671000090DA /* LaunchScreen.xib */ = {
			isa = PBXVariantGroup;
			children = (
				F8FBD04A1ADEB671000090DA /* Base */,
			);
			name = LaunchScreen.xib;
			sourceTree = "<group>";
		};
/* End PBXVariantGroup section */

/* Begin XCBuildConfiguration section */
		F8FBD0581ADEB671000090DA /* Debug */ = {
			isa = XCBuildConfiguration;
			buildSettings = {
				ALWAYS_SEARCH_USER_PATHS = NO;
				CLANG_CXX_LANGUAGE_STANDARD = "gnu++0x";
				CLANG_CXX_LIBRARY = "libc++";
				CLANG_ENABLE_MODULES = YES;
				CLANG_ENABLE_OBJC_ARC = YES;
				CLANG_WARN_BOOL_CONVERSION = YES;
				CLANG_WARN_CONSTANT_CONVERSION = YES;
				CLANG_WARN_DIRECT_OBJC_ISA_USAGE = YES_ERROR;
				CLANG_WARN_EMPTY_BODY = YES;
				CLANG_WARN_ENUM_CONVERSION = YES;
				CLANG_WARN_INT_CONVERSION = YES;
				CLANG_WARN_OBJC_ROOT_CLASS = YES_ERROR;
				CLANG_WARN_UNREACHABLE_CODE = YES;
				CLANG_WARN__DUPLICATE_METHOD_MATCH = YES;
				"CODE_SIGN_IDENTITY[sdk=iphoneos*]" = "iPhone Developer";
				COPY_PHASE_STRIP = NO;
				DEBUG_INFORMATION_FORMAT = "dwarf-with-dsym";
				ENABLE_STRICT_OBJC_MSGSEND = YES;
				GCC_C_LANGUAGE_STANDARD = gnu99;
				GCC_DYNAMIC_NO_PIC = NO;
				GCC_NO_COMMON_BLOCKS = YES;
				GCC_OPTIMIZATION_LEVEL = 0;
				GCC_PREPROCESSOR_DEFINITIONS = (
					"DEBUG=1",
					"$(inherited)",
				);
				GCC_SYMBOLS_PRIVATE_EXTERN = NO;
				GCC_WARN_64_TO_32_BIT_CONVERSION = YES;
				GCC_WARN_ABOUT_RETURN_TYPE = YES_ERROR;
				GCC_WARN_UNDECLARED_SELECTOR = YES;
				GCC_WARN_UNINITIALIZED_AUTOS = YES_AGGRESSIVE;
				GCC_WARN_UNUSED_FUNCTION = YES;
				GCC_WARN_UNUSED_VARIABLE = YES;
				IPHONEOS_DEPLOYMENT_TARGET = 8.3;
				MTL_ENABLE_DEBUG_INFO = YES;
				ONLY_ACTIVE_ARCH = YES;
				SDKROOT = iphoneos;
				SWIFT_OBJC_BRIDGING_HEADER = "meet-swift/meet-swift-Bridging-Header.h";
				SWIFT_OPTIMIZATION_LEVEL = "-Onone";
				TARGETED_DEVICE_FAMILY = "1,2";
			};
			name = Debug;
		};
		F8FBD0591ADEB671000090DA /* Release */ = {
			isa = XCBuildConfiguration;
			buildSettings = {
				ALWAYS_SEARCH_USER_PATHS = NO;
				CLANG_CXX_LANGUAGE_STANDARD = "gnu++0x";
				CLANG_CXX_LIBRARY = "libc++";
				CLANG_ENABLE_MODULES = YES;
				CLANG_ENABLE_OBJC_ARC = YES;
				CLANG_WARN_BOOL_CONVERSION = YES;
				CLANG_WARN_CONSTANT_CONVERSION = YES;
				CLANG_WARN_DIRECT_OBJC_ISA_USAGE = YES_ERROR;
				CLANG_WARN_EMPTY_BODY = YES;
				CLANG_WARN_ENUM_CONVERSION = YES;
				CLANG_WARN_INT_CONVERSION = YES;
				CLANG_WARN_OBJC_ROOT_CLASS = YES_ERROR;
				CLANG_WARN_UNREACHABLE_CODE = YES;
				CLANG_WARN__DUPLICATE_METHOD_MATCH = YES;
				"CODE_SIGN_IDENTITY[sdk=iphoneos*]" = "iPhone Developer";
				COPY_PHASE_STRIP = NO;
				DEBUG_INFORMATION_FORMAT = "dwarf-with-dsym";
				ENABLE_NS_ASSERTIONS = NO;
				ENABLE_STRICT_OBJC_MSGSEND = YES;
				GCC_C_LANGUAGE_STANDARD = gnu99;
				GCC_NO_COMMON_BLOCKS = YES;
				GCC_WARN_64_TO_32_BIT_CONVERSION = YES;
				GCC_WARN_ABOUT_RETURN_TYPE = YES_ERROR;
				GCC_WARN_UNDECLARED_SELECTOR = YES;
				GCC_WARN_UNINITIALIZED_AUTOS = YES_AGGRESSIVE;
				GCC_WARN_UNUSED_FUNCTION = YES;
				GCC_WARN_UNUSED_VARIABLE = YES;
				IPHONEOS_DEPLOYMENT_TARGET = 8.3;
				MTL_ENABLE_DEBUG_INFO = NO;
				SDKROOT = iphoneos;
				SWIFT_OBJC_BRIDGING_HEADER = "meet-swift/meet-swift-Bridging-Header.h";
				TARGETED_DEVICE_FAMILY = "1,2";
				VALIDATE_PRODUCT = YES;
			};
			name = Release;
		};
		F8FBD05B1ADEB671000090DA /* Debug */ = {
			isa = XCBuildConfiguration;
			baseConfigurationReference = 18B33971C76A3ADAF3834504 /* Pods.debug.xcconfig */;
			buildSettings = {
				ARCHS = "$(ARCHS_STANDARD)";
				ASSETCATALOG_COMPILER_APPICON_NAME = AppIcon;
				CODE_SIGN_IDENTITY = "iPhone Developer";
				"CODE_SIGN_IDENTITY[sdk=iphoneos*]" = "iPhone Developer";
				FRAMEWORK_SEARCH_PATHS = (
					"$(inherited)",
					"/Users/rpc/tokbox/meet-swift",
					"$(DEVELOPER_FRAMEWORKS_DIR)",
					"$(PROJECT_DIR)",
				);
				INFOPLIST_FILE = "meet-swift/Info.plist";
				IPHONEOS_DEPLOYMENT_TARGET = 8.0;
				LD_RUNPATH_SEARCH_PATHS = "$(inherited) @executable_path/Frameworks";
				PRODUCT_NAME = "$(TARGET_NAME)";
				PROVISIONING_PROFILE = "";
				SWIFT_OBJC_BRIDGING_HEADER = "meet-swift/meet-swift-Bridging-Header.h";
			};
			name = Debug;
		};
		F8FBD05C1ADEB671000090DA /* Release */ = {
			isa = XCBuildConfiguration;
			baseConfigurationReference = 0258BE712DC162746D1B6E83 /* Pods.release.xcconfig */;
			buildSettings = {
				ARCHS = "$(ARCHS_STANDARD)";
				ASSETCATALOG_COMPILER_APPICON_NAME = AppIcon;
				CODE_SIGN_IDENTITY = "iPhone Developer";
				"CODE_SIGN_IDENTITY[sdk=iphoneos*]" = "iPhone Developer";
				FRAMEWORK_SEARCH_PATHS = (
					"$(inherited)",
					"/Users/rpc/tokbox/meet-swift",
					"$(DEVELOPER_FRAMEWORKS_DIR)",
					"$(PROJECT_DIR)",
				);
				INFOPLIST_FILE = "meet-swift/Info.plist";
				IPHONEOS_DEPLOYMENT_TARGET = 8.0;
				LD_RUNPATH_SEARCH_PATHS = "$(inherited) @executable_path/Frameworks";
				PRODUCT_NAME = "$(TARGET_NAME)";
				PROVISIONING_PROFILE = "";
				SWIFT_OBJC_BRIDGING_HEADER = "meet-swift/meet-swift-Bridging-Header.h";
			};
			name = Release;
		};
/* End XCBuildConfiguration section */

/* Begin XCConfigurationList section */
		F8FBD0361ADEB671000090DA /* Build configuration list for PBXProject "meet-swift" */ = {
			isa = XCConfigurationList;
			buildConfigurations = (
				F8FBD0581ADEB671000090DA /* Debug */,
				F8FBD0591ADEB671000090DA /* Release */,
			);
			defaultConfigurationIsVisible = 0;
			defaultConfigurationName = Release;
		};
		F8FBD05A1ADEB671000090DA /* Build configuration list for PBXNativeTarget "meet-swift" */ = {
			isa = XCConfigurationList;
			buildConfigurations = (
				F8FBD05B1ADEB671000090DA /* Debug */,
				F8FBD05C1ADEB671000090DA /* Release */,
			);
			defaultConfigurationIsVisible = 0;
			defaultConfigurationName = Release;
		};
/* End XCConfigurationList section */
	};
	rootObject = F8FBD0331ADEB671000090DA /* Project object */;
}
